// !$*UTF8*$!
{
	archiveVersion = 1;
	classes = {
	};
	objectVersion = 56;
	objects = {

/* Begin PBXBuildFile section */
		ADE65CE42C6307280076AC5A /* RealityKitContent in Frameworks */ = {isa = PBXBuildFile; productRef = ADE65CE32C6307280076AC5A /* RealityKitContent */; };
		ADE65CE62C6307280076AC5A /* Chapter5App.swift in Sources */ = {isa = PBXBuildFile; fileRef = ADE65CE52C6307280076AC5A /* Chapter5App.swift */; };
		ADE65CE82C6307280076AC5A /* ContentView.swift in Sources */ = {isa = PBXBuildFile; fileRef = ADE65CE72C6307280076AC5A /* ContentView.swift */; };
		ADE65CEA2C6307280076AC5A /* ImmersiveView.swift in Sources */ = {isa = PBXBuildFile; fileRef = ADE65CE92C6307280076AC5A /* ImmersiveView.swift */; };
		ADE65CEC2C6307290076AC5A /* Assets.xcassets in Resources */ = {isa = PBXBuildFile; fileRef = ADE65CEB2C6307290076AC5A /* Assets.xcassets */; };
		ADE65CEF2C6307290076AC5A /* Preview Assets.xcassets in Resources */ = {isa = PBXBuildFile; fileRef = ADE65CEE2C6307290076AC5A /* Preview Assets.xcassets */; };
		ADE65CF72C6309E10076AC5A /* MoveComponent.swift in Sources */ = {isa = PBXBuildFile; fileRef = ADE65CF62C6309E10076AC5A /* MoveComponent.swift */; };
/* End PBXBuildFile section */

/* Begin PBXFileReference section */
		ADE65CDE2C6307280076AC5A /* Chapter5.app */ = {isa = PBXFileReference; explicitFileType = wrapper.application; includeInIndex = 0; path = Chapter5.app; sourceTree = BUILT_PRODUCTS_DIR; };
		ADE65CE22C6307280076AC5A /* RealityKitContent */ = {isa = PBXFileReference; lastKnownFileType = wrapper; path = RealityKitContent; sourceTree = "<group>"; };
		ADE65CE52C6307280076AC5A /* Chapter5App.swift */ = {isa = PBXFileReference; lastKnownFileType = sourcecode.swift; path = Chapter5App.swift; sourceTree = "<group>"; };
		ADE65CE72C6307280076AC5A /* ContentView.swift */ = {isa = PBXFileReference; lastKnownFileType = sourcecode.swift; path = ContentView.swift; sourceTree = "<group>"; };
		ADE65CE92C6307280076AC5A /* ImmersiveView.swift */ = {isa = PBXFileReference; lastKnownFileType = sourcecode.swift; path = ImmersiveView.swift; sourceTree = "<group>"; };
		ADE65CEB2C6307290076AC5A /* Assets.xcassets */ = {isa = PBXFileReference; lastKnownFileType = folder.assetcatalog; path = Assets.xcassets; sourceTree = "<group>"; };
		ADE65CEE2C6307290076AC5A /* Preview Assets.xcassets */ = {isa = PBXFileReference; lastKnownFileType = folder.assetcatalog; path = "Preview Assets.xcassets"; sourceTree = "<group>"; };
		ADE65CF02C6307290076AC5A /* Info.plist */ = {isa = PBXFileReference; lastKnownFileType = text.plist.xml; path = Info.plist; sourceTree = "<group>"; };
		ADE65CF62C6309E10076AC5A /* MoveComponent.swift */ = {isa = PBXFileReference; lastKnownFileType = sourcecode.swift; path = MoveComponent.swift; sourceTree = "<group>"; };
/* End PBXFileReference section */

/* Begin PBXFrameworksBuildPhase section */
		ADE65CDB2C6307270076AC5A /* Frameworks */ = {
			isa = PBXFrameworksBuildPhase;
			buildActionMask = 2147483647;
			files = (
				ADE65CE42C6307280076AC5A /* RealityKitContent in Frameworks */,
			);
			runOnlyForDeploymentPostprocessing = 0;
		};
/* End PBXFrameworksBuildPhase section */

/* Begin PBXGroup section */
		ADE65CD52C6307270076AC5A = {
			isa = PBXGroup;
			children = (
				ADE65CE02C6307280076AC5A /* Chapter5 */,
				ADE65CE12C6307280076AC5A /* Packages */,
				ADE65CDF2C6307280076AC5A /* Products */,
			);
			sourceTree = "<group>";
		};
		ADE65CDF2C6307280076AC5A /* Products */ = {
			isa = PBXGroup;
			children = (
				ADE65CDE2C6307280076AC5A /* Chapter5.app */,
			);
			name = Products;
			sourceTree = "<group>";
		};
		ADE65CE02C6307280076AC5A /* Chapter5 */ = {
			isa = PBXGroup;
			children = (
				ADE65CE52C6307280076AC5A /* Chapter5App.swift */,
				ADE65CE72C6307280076AC5A /* ContentView.swift */,
				ADE65CE92C6307280076AC5A /* ImmersiveView.swift */,
				ADE65CF62C6309E10076AC5A /* MoveComponent.swift */,
				ADE65CEB2C6307290076AC5A /* Assets.xcassets */,
				ADE65CF02C6307290076AC5A /* Info.plist */,
				ADE65CED2C6307290076AC5A /* Preview Content */,
			);
			path = Chapter5;
			sourceTree = "<group>";
		};
		ADE65CE12C6307280076AC5A /* Packages */ = {
			isa = PBXGroup;
			children = (
				ADE65CE22C6307280076AC5A /* RealityKitContent */,
			);
			path = Packages;
			sourceTree = "<group>";
		};
		ADE65CED2C6307290076AC5A /* Preview Content */ = {
			isa = PBXGroup;
			children = (
				ADE65CEE2C6307290076AC5A /* Preview Assets.xcassets */,
			);
			path = "Preview Content";
			sourceTree = "<group>";
		};
/* End PBXGroup section */

/* Begin PBXNativeTarget section */
		ADE65CDD2C6307270076AC5A /* Chapter5 */ = {
			isa = PBXNativeTarget;
			buildConfigurationList = ADE65CF32C6307290076AC5A /* Build configuration list for PBXNativeTarget "Chapter5" */;
			buildPhases = (
				ADE65CDA2C6307270076AC5A /* Sources */,
				ADE65CDB2C6307270076AC5A /* Frameworks */,
				ADE65CDC2C6307270076AC5A /* Resources */,
			);
			buildRules = (
			);
			dependencies = (
			);
			name = Chapter5;
			packageProductDependencies = (
				ADE65CE32C6307280076AC5A /* RealityKitContent */,
			);
			productName = Chapter5;
			productReference = ADE65CDE2C6307280076AC5A /* Chapter5.app */;
			productType = "com.apple.product-type.application";
		};
/* End PBXNativeTarget section */

/* Begin PBXProject section */
		ADE65CD62C6307270076AC5A /* Project object */ = {
			isa = PBXProject;
			attributes = {
				BuildIndependentTargetsInParallel = 1;
				LastSwiftUpdateCheck = 1540;
				LastUpgradeCheck = 1540;
				TargetAttributes = {
					ADE65CDD2C6307270076AC5A = {
						CreatedOnToolsVersion = 15.4;
					};
				};
			};
			buildConfigurationList = ADE65CD92C6307270076AC5A /* Build configuration list for PBXProject "Chapter5" */;
			compatibilityVersion = "Xcode 14.0";
			developmentRegion = en;
			hasScannedForEncodings = 0;
			knownRegions = (
				en,
				Base,
			);
			mainGroup = ADE65CD52C6307270076AC5A;
			productRefGroup = ADE65CDF2C6307280076AC5A /* Products */;
			projectDirPath = "";
			projectRoot = "";
			targets = (
				ADE65CDD2C6307270076AC5A /* Chapter5 */,
			);
		};
/* End PBXProject section */

/* Begin PBXResourcesBuildPhase section */
		ADE65CDC2C6307270076AC5A /* Resources */ = {
			isa = PBXResourcesBuildPhase;
			buildActionMask = 2147483647;
			files = (
				ADE65CEF2C6307290076AC5A /* Preview Assets.xcassets in Resources */,
				ADE65CEC2C6307290076AC5A /* Assets.xcassets in Resources */,
			);
			runOnlyForDeploymentPostprocessing = 0;
		};
/* End PBXResourcesBuildPhase section */

/* Begin PBXSourcesBuildPhase section */
		ADE65CDA2C6307270076AC5A /* Sources */ = {
			isa = PBXSourcesBuildPhase;
			buildActionMask = 2147483647;
			files = (
				ADE65CF72C6309E10076AC5A /* MoveComponent.swift in Sources */,
				ADE65CE82C6307280076AC5A /* ContentView.swift in Sources */,
				ADE65CE62C6307280076AC5A /* Chapter5App.swift in Sources */,
				ADE65CEA2C6307280076AC5A /* ImmersiveView.swift in Sources */,
			);
			runOnlyForDeploymentPostprocessing = 0;
		};
/* End PBXSourcesBuildPhase section */

/* Begin XCBuildConfiguration section */
		ADE65CF12C6307290076AC5A /* Debug */ = {
			isa = XCBuildConfiguration;
			buildSettings = {
				ALWAYS_SEARCH_USER_PATHS = NO;
				ASSETCATALOG_COMPILER_GENERATE_SWIFT_ASSET_SYMBOL_EXTENSIONS = YES;
				CLANG_ANALYZER_NONNULL = YES;
				CLANG_ANALYZER_NUMBER_OBJECT_CONVERSION = YES_AGGRESSIVE;
				CLANG_CXX_LANGUAGE_STANDARD = "gnu++20";
				CLANG_ENABLE_MODULES = YES;
				CLANG_ENABLE_OBJC_ARC = YES;
				CLANG_ENABLE_OBJC_WEAK = YES;
				CLANG_WARN_BLOCK_CAPTURE_AUTORELEASING = YES;
				CLANG_WARN_BOOL_CONVERSION = YES;
				CLANG_WARN_COMMA = YES;
				CLANG_WARN_CONSTANT_CONVERSION = YES;
				CLANG_WARN_DEPRECATED_OBJC_IMPLEMENTATIONS = YES;
				CLANG_WARN_DIRECT_OBJC_ISA_USAGE = YES_ERROR;
				CLANG_WARN_DOCUMENTATION_COMMENTS = YES;
				CLANG_WARN_EMPTY_BODY = YES;
				CLANG_WARN_ENUM_CONVERSION = YES;
				CLANG_WARN_INFINITE_RECURSION = YES;
				CLANG_WARN_INT_CONVERSION = YES;
				CLANG_WARN_NON_LITERAL_NULL_CONVERSION = YES;
				CLANG_WARN_OBJC_IMPLICIT_RETAIN_SELF = YES;
				CLANG_WARN_OBJC_LITERAL_CONVERSION = YES;
				CLANG_WARN_OBJC_ROOT_CLASS = YES_ERROR;
				CLANG_WARN_QUOTED_INCLUDE_IN_FRAMEWORK_HEADER = YES;
				CLANG_WARN_RANGE_LOOP_ANALYSIS = YES;
				CLANG_WARN_STRICT_PROTOTYPES = YES;
				CLANG_WARN_SUSPICIOUS_MOVE = YES;
				CLANG_WARN_UNGUARDED_AVAILABILITY = YES_AGGRESSIVE;
				CLANG_WARN_UNREACHABLE_CODE = YES;
				CLANG_WARN__DUPLICATE_METHOD_MATCH = YES;
				COPY_PHASE_STRIP = NO;
				DEBUG_INFORMATION_FORMAT = dwarf;
				ENABLE_STRICT_OBJC_MSGSEND = YES;
				ENABLE_TESTABILITY = YES;
				ENABLE_USER_SCRIPT_SANDBOXING = YES;
				GCC_C_LANGUAGE_STANDARD = gnu17;
				GCC_DYNAMIC_NO_PIC = NO;
				GCC_NO_COMMON_BLOCKS = YES;
				GCC_OPTIMIZATION_LEVEL = 0;
				GCC_PREPROCESSOR_DEFINITIONS = (
					"DEBUG=1",
					"$(inherited)",
				);
				GCC_WARN_64_TO_32_BIT_CONVERSION = YES;
				GCC_WARN_ABOUT_RETURN_TYPE = YES_ERROR;
				GCC_WARN_UNDECLARED_SELECTOR = YES;
				GCC_WARN_UNINITIALIZED_AUTOS = YES_AGGRESSIVE;
				GCC_WARN_UNUSED_FUNCTION = YES;
				GCC_WARN_UNUSED_VARIABLE = YES;
				LOCALIZATION_PREFERS_STRING_CATALOGS = YES;
				MTL_ENABLE_DEBUG_INFO = INCLUDE_SOURCE;
				MTL_FAST_MATH = YES;
				ONLY_ACTIVE_ARCH = YES;
				SDKROOT = xros;
				SWIFT_ACTIVE_COMPILATION_CONDITIONS = "DEBUG $(inherited)";
				SWIFT_OPTIMIZATION_LEVEL = "-Onone";
				XROS_DEPLOYMENT_TARGET = 1.2;
			};
			name = Debug;
		};
		ADE65CF22C6307290076AC5A /* Release */ = {
			isa = XCBuildConfiguration;
			buildSettings = {
				ALWAYS_SEARCH_USER_PATHS = NO;
				ASSETCATALOG_COMPILER_GENERATE_SWIFT_ASSET_SYMBOL_EXTENSIONS = YES;
				CLANG_ANALYZER_NONNULL = YES;
				CLANG_ANALYZER_NUMBER_OBJECT_CONVERSION = YES_AGGRESSIVE;
				CLANG_CXX_LANGUAGE_STANDARD = "gnu++20";
				CLANG_ENABLE_MODULES = YES;
				CLANG_ENABLE_OBJC_ARC = YES;
				CLANG_ENABLE_OBJC_WEAK = YES;
				CLANG_WARN_BLOCK_CAPTURE_AUTORELEASING = YES;
				CLANG_WARN_BOOL_CONVERSION = YES;
				CLANG_WARN_COMMA = YES;
				CLANG_WARN_CONSTANT_CONVERSION = YES;
				CLANG_WARN_DEPRECATED_OBJC_IMPLEMENTATIONS = YES;
				CLANG_WARN_DIRECT_OBJC_ISA_USAGE = YES_ERROR;
				CLANG_WARN_DOCUMENTATION_COMMENTS = YES;
				CLANG_WARN_EMPTY_BODY = YES;
				CLANG_WARN_ENUM_CONVERSION = YES;
				CLANG_WARN_INFINITE_RECURSION = YES;
				CLANG_WARN_INT_CONVERSION = YES;
				CLANG_WARN_NON_LITERAL_NULL_CONVERSION = YES;
				CLANG_WARN_OBJC_IMPLICIT_RETAIN_SELF = YES;
				CLANG_WARN_OBJC_LITERAL_CONVERSION = YES;
				CLANG_WARN_OBJC_ROOT_CLASS = YES_ERROR;
				CLANG_WARN_QUOTED_INCLUDE_IN_FRAMEWORK_HEADER = YES;
				CLANG_WARN_RANGE_LOOP_ANALYSIS = YES;
				CLANG_WARN_STRICT_PROTOTYPES = YES;
				CLANG_WARN_SUSPICIOUS_MOVE = YES;
				CLANG_WARN_UNGUARDED_AVAILABILITY = YES_AGGRESSIVE;
				CLANG_WARN_UNREACHABLE_CODE = YES;
				CLANG_WARN__DUPLICATE_METHOD_MATCH = YES;
				COPY_PHASE_STRIP = NO;
				DEBUG_INFORMATION_FORMAT = "dwarf-with-dsym";
				ENABLE_NS_ASSERTIONS = NO;
				ENABLE_STRICT_OBJC_MSGSEND = YES;
				ENABLE_USER_SCRIPT_SANDBOXING = YES;
				GCC_C_LANGUAGE_STANDARD = gnu17;
				GCC_NO_COMMON_BLOCKS = YES;
				GCC_WARN_64_TO_32_BIT_CONVERSION = YES;
				GCC_WARN_ABOUT_RETURN_TYPE = YES_ERROR;
				GCC_WARN_UNDECLARED_SELECTOR = YES;
				GCC_WARN_UNINITIALIZED_AUTOS = YES_AGGRESSIVE;
				GCC_WARN_UNUSED_FUNCTION = YES;
				GCC_WARN_UNUSED_VARIABLE = YES;
				LOCALIZATION_PREFERS_STRING_CATALOGS = YES;
				MTL_ENABLE_DEBUG_INFO = NO;
				MTL_FAST_MATH = YES;
				SDKROOT = xros;
				SWIFT_COMPILATION_MODE = wholemodule;
				VALIDATE_PRODUCT = YES;
				XROS_DEPLOYMENT_TARGET = 1.2;
			};
			name = Release;
		};
		ADE65CF42C6307290076AC5A /* Debug */ = {
			isa = XCBuildConfiguration;
			buildSettings = {
				ASSETCATALOG_COMPILER_APPICON_NAME = AppIcon;
				ASSETCATALOG_COMPILER_GLOBAL_ACCENT_COLOR_NAME = AccentColor;
				CODE_SIGN_STYLE = Automatic;
				CURRENT_PROJECT_VERSION = 1;
				DEVELOPMENT_ASSET_PATHS = "\"Chapter5/Preview Content\"";
				ENABLE_PREVIEWS = YES;
				GENERATE_INFOPLIST_FILE = YES;
				INFOPLIST_FILE = "$(TARGET_NAME)/Info.plist";
				INFOPLIST_KEY_CFBundleDisplayName = "月探査アプリ";
				LD_RUNPATH_SEARCH_PATHS = (
					"$(inherited)",
					"@executable_path/Frameworks",
				);
				MARKETING_VERSION = 1.0;
				PRODUCT_BUNDLE_IDENTIFIER = visionOSdev.Chapter5;
				PRODUCT_NAME = "$(TARGET_NAME)";
				SUPPORTED_PLATFORMS = "xros xrsimulator";
				SWIFT_EMIT_LOC_STRINGS = YES;
				SWIFT_VERSION = 5.0;
				TARGETED_DEVICE_FAMILY = "1,2,7";
			};
			name = Debug;
		};
		ADE65CF52C6307290076AC5A /* Release */ = {
			isa = XCBuildConfiguration;
			buildSettings = {
				ASSETCATALOG_COMPILER_APPICON_NAME = AppIcon;
				ASSETCATALOG_COMPILER_GLOBAL_ACCENT_COLOR_NAME = AccentColor;
				CODE_SIGN_STYLE = Automatic;
				CURRENT_PROJECT_VERSION = 1;
				DEVELOPMENT_ASSET_PATHS = "\"Chapter5/Preview Content\"";
				ENABLE_PREVIEWS = YES;
				GENERATE_INFOPLIST_FILE = YES;
				INFOPLIST_FILE = "$(TARGET_NAME)/Info.plist";
				INFOPLIST_KEY_CFBundleDisplayName = "月探査アプリ";
				LD_RUNPATH_SEARCH_PATHS = (
					"$(inherited)",
					"@executable_path/Frameworks",
				);
				MARKETING_VERSION = 1.0;
				PRODUCT_BUNDLE_IDENTIFIER = visionOSdev.Chapter5;
				PRODUCT_NAME = "$(TARGET_NAME)";
				SUPPORTED_PLATFORMS = "xros xrsimulator";
				SWIFT_EMIT_LOC_STRINGS = YES;
				SWIFT_VERSION = 5.0;
				TARGETED_DEVICE_FAMILY = "1,2,7";
			};
			name = Release;
		};
/* End XCBuildConfiguration section */

/* Begin XCConfigurationList section */
		ADE65CD92C6307270076AC5A /* Build configuration list for PBXProject "Chapter5" */ = {
			isa = XCConfigurationList;
			buildConfigurations = (
				ADE65CF12C6307290076AC5A /* Debug */,
				ADE65CF22C6307290076AC5A /* Release */,
			);
			defaultConfigurationIsVisible = 0;
			defaultConfigurationName = Release;
		};
		ADE65CF32C6307290076AC5A /* Build configuration list for PBXNativeTarget "Chapter5" */ = {
			isa = XCConfigurationList;
			buildConfigurations = (
				ADE65CF42C6307290076AC5A /* Debug */,
				ADE65CF52C6307290076AC5A /* Release */,
			);
			defaultConfigurationIsVisible = 0;
			defaultConfigurationName = Release;
		};
/* End XCConfigurationList section */

/* Begin XCSwiftPackageProductDependency section */
		ADE65CE32C6307280076AC5A /* RealityKitContent */ = {
			isa = XCSwiftPackageProductDependency;
			productName = RealityKitContent;
		};
/* End XCSwiftPackageProductDependency section */
	};
	rootObject = ADE65CD62C6307270076AC5A /* Project object */;
}
